
Microsoft Visual Studio Solution File, Format Version 12.00
# Visual Studio Version 17
VisualStudioVersion = 17.9.34728.123
MinimumVisualStudioVersion = 10.0.40219.1
Project("{FAE04EC0-301F-11D3-BF4B-00C04F79EFBC}") = "FileIO", "FileIO\FileIO.csproj", "{2A87E5F1-FA24-425C-830F-7CD3D20BFE6C}"
EndProject
Global
	GlobalSection(SolutionConfigurationPlatforms) = preSolution
		Debug|Any CPU = Debug|Any CPU
		Release|Any CPU = Release|Any CPU
	EndGlobalSection
	GlobalSection(ProjectConfigurationPlatforms) = postSolution
		{2A87E5F1-FA24-425C-830F-7CD3D20BFE6C}.Debug|Any CPU.ActiveCfg = Debug|Any CPU
		{2A87E5F1-FA24-425C-830F-7CD3D20BFE6C}.Debug|Any CPU.Build.0 = Debug|Any CPU
		{2A87E5F1-FA24-425C-830F-7CD3D20BFE6C}.Release|Any CPU.ActiveCfg = Release|Any CPU
		{2A87E5F1-FA24-425C-830F-7CD3D20BFE6C}.Release|Any CPU.Build.0 = Release|Any CPU
	EndGlobalSection
	GlobalSection(SolutionProperties) = preSolution
		HideSolutionNode = FALSE
	EndGlobalSection
	GlobalSection(ExtensibilityGlobals) = postSolution
		SolutionGuid = {532F3EFA-D8E4-49AB-B53F-D1B83EBCBDDF}
	EndGlobalSection
EndGlobal
